// !$*UTF8*$!
{
	archiveVersion = 1;
	classes = {
	};
	objectVersion = 77;
	objects = {

/* Begin PBXBuildFile section */
		946EC19FB095A9EC83E1C22A /* WealthEagentApp.swift in Sources */ = {isa = PBXBuildFile; fileRef = BCA09DD53DA5B76D2F9638FB /* WealthEagentApp.swift */; };
		97948E64FE94B212B0C728DA /* WealthEagentTests.swift in Sources */ = {isa = PBXBuildFile; fileRef = 45A7D700AC32D44FD17515E7 /* WealthEagentTests.swift */; };
		990CB43C091AC80A983FF5B5 /* ContentView.swift in Sources */ = {isa = PBXBuildFile; fileRef = 1D4485079719C38983628CD6 /* ContentView.swift */; };
/* End PBXBuildFile section */

/* Begin PBXContainerItemProxy section */
		D6B7E970F8B23B1311C9D390 /* PBXContainerItemProxy */ = {
			isa = PBXContainerItemProxy;
			containerPortal = C6606DF3C69258DF006BD0CB /* Project object */;
			proxyType = 1;
			remoteGlobalIDString = 5CD0D81BF7DCD440288FA40A;
			remoteInfo = WealthEagent;
		};
/* End PBXContainerItemProxy section */

/* Begin PBXFileReference section */
		1D4485079719C38983628CD6 /* ContentView.swift */ = {isa = PBXFileReference; lastKnownFileType = sourcecode.swift; path = ContentView.swift; sourceTree = "<group>"; };
		45A7D700AC32D44FD17515E7 /* WealthEagentTests.swift */ = {isa = PBXFileReference; lastKnownFileType = sourcecode.swift; path = WealthEagentTests.swift; sourceTree = "<group>"; };
		596FA21DE8587D8A64061357 /* Info.plist */ = {isa = PBXFileReference; lastKnownFileType = text.plist; path = Info.plist; sourceTree = "<group>"; };
		7D28DE6CAC728C3AF9CFECF5 /* WealthEagent.entitlements */ = {isa = PBXFileReference; lastKnownFileType = text.plist.entitlements; path = WealthEagent.entitlements; sourceTree = "<group>"; };
		BCA09DD53DA5B76D2F9638FB /* WealthEagentApp.swift */ = {isa = PBXFileReference; lastKnownFileType = sourcecode.swift; path = WealthEagentApp.swift; sourceTree = "<group>"; };
		F5558D4CA853C7F641A9A45A /* WealthEagentTests.xctest */ = {isa = PBXFileReference; includeInIndex = 0; lastKnownFileType = wrapper.cfbundle; path = WealthEagentTests.xctest; sourceTree = BUILT_PRODUCTS_DIR; };
		F6BA756955178691E99F1F10 /* WealthEagent.app */ = {isa = PBXFileReference; includeInIndex = 0; lastKnownFileType = wrapper.application; path = WealthEagent.app; sourceTree = BUILT_PRODUCTS_DIR; };
/* End PBXFileReference section */

/* Begin PBXGroup section */
		39C763F52F2A39431C263DE4 /* Views */ = {
			isa = PBXGroup;
			children = (
				1D4485079719C38983628CD6 /* ContentView.swift */,
			);
			path = Views;
			sourceTree = "<group>";
		};
		64EA4919547DC381F94DE6F7 /* WealthEagentTests */ = {
			isa = PBXGroup;
			children = (
				45A7D700AC32D44FD17515E7 /* WealthEagentTests.swift */,
			);
			path = WealthEagentTests;
			sourceTree = "<group>";
		};
		A9E63166D6A9A6F281D60F09 /* Products */ = {
			isa = PBXGroup;
			children = (
				F6BA756955178691E99F1F10 /* WealthEagent.app */,
				F5558D4CA853C7F641A9A45A /* WealthEagentTests.xctest */,
			);
			name = Products;
			sourceTree = "<group>";
		};
		B33170139BEF0C88D85C3029 /* WealthEagent */ = {
			isa = PBXGroup;
			children = (
				596FA21DE8587D8A64061357 /* Info.plist */,
				7D28DE6CAC728C3AF9CFECF5 /* WealthEagent.entitlements */,
				BCA09DD53DA5B76D2F9638FB /* WealthEagentApp.swift */,
				39C763F52F2A39431C263DE4 /* Views */,
			);
			path = WealthEagent;
			sourceTree = "<group>";
		};
		FF91319F237C4EBB8BF17497 = {
			isa = PBXGroup;
			children = (
				B33170139BEF0C88D85C3029 /* WealthEagent */,
				64EA4919547DC381F94DE6F7 /* WealthEagentTests */,
				A9E63166D6A9A6F281D60F09 /* Products */,
			);
			sourceTree = "<group>";
		};
/* End PBXGroup section */

/* Begin PBXNativeTarget section */
		5CD0D81BF7DCD440288FA40A /* WealthEagent */ = {
			isa = PBXNativeTarget;
			buildConfigurationList = 90738FFC1C723BB92874EB77 /* Build configuration list for PBXNativeTarget "WealthEagent" */;
			buildPhases = (
				133FFC1F067FD2138FBC89AC /* SwiftLint */,
				698587872190532C849283BB /* Sources */,
			);
			buildRules = (
			);
			dependencies = (
			);
			name = WealthEagent;
			packageProductDependencies = (
			);
			productName = WealthEagent;
			productReference = F6BA756955178691E99F1F10 /* WealthEagent.app */;
			productType = "com.apple.product-type.application";
		};
		6015CAAED379331E89657E6D /* WealthEagentTests */ = {
			isa = PBXNativeTarget;
			buildConfigurationList = 2BF666D26F3C15D624148CEA /* Build configuration list for PBXNativeTarget "WealthEagentTests" */;
			buildPhases = (
				FFD329CAD12CC39BC50FAD9A /* Sources */,
			);
			buildRules = (
			);
			dependencies = (
				6F29717526097A630D656CC3 /* PBXTargetDependency */,
			);
			name = WealthEagentTests;
			packageProductDependencies = (
			);
			productName = WealthEagentTests;
			productReference = F5558D4CA853C7F641A9A45A /* WealthEagentTests.xctest */;
			productType = "com.apple.product-type.bundle.unit-test";
		};
/* End PBXNativeTarget section */

/* Begin PBXProject section */
		C6606DF3C69258DF006BD0CB /* Project object */ = {
			isa = PBXProject;
			attributes = {
				BuildIndependentTargetsInParallel = YES;
				LastUpgradeCheck = 1600;
				TargetAttributes = {
					5CD0D81BF7DCD440288FA40A = {
						DevelopmentTeam = "";
						ProvisioningStyle = Automatic;
					};
				};
			};
			buildConfigurationList = 7656EF9AC10070EE158A4F26 /* Build configuration list for PBXProject "WealthEagent" */;
			developmentRegion = en;
			hasScannedForEncodings = 0;
			knownRegions = (
				Base,
				en,
			);
			mainGroup = FF91319F237C4EBB8BF17497;
			minimizedProjectReferenceProxies = 1;
			preferredProjectObjectVersion = 77;
			productRefGroup = A9E63166D6A9A6F281D60F09 /* Products */;
			projectDirPath = "";
			projectRoot = "";
			targets = (
				5CD0D81BF7DCD440288FA40A /* WealthEagent */,
				6015CAAED379331E89657E6D /* WealthEagentTests */,
			);
		};
/* End PBXProject section */

/* Begin PBXShellScriptBuildPhase section */
		133FFC1F067FD2138FBC89AC /* SwiftLint */ = {
			isa = PBXShellScriptBuildPhase;
			buildActionMask = 2147483647;
			files = (
			);
			inputFileListPaths = (
			);
			inputPaths = (
			);
			name = SwiftLint;
			outputFileListPaths = (
			);
			outputPaths = (
			);
			runOnlyForDeploymentPostprocessing = 0;
			shellPath = /bin/sh;
			shellScript = "if which swiftlint > /dev/null; then\n  swiftlint\nfi\n";
		};
/* End PBXShellScriptBuildPhase section */

/* Begin PBXSourcesBuildPhase section */
		698587872190532C849283BB /* Sources */ = {
			isa = PBXSourcesBuildPhase;
			buildActionMask = 2147483647;
			files = (
				990CB43C091AC80A983FF5B5 /* ContentView.swift in Sources */,
				946EC19FB095A9EC83E1C22A /* WealthEagentApp.swift in Sources */,
			);
			runOnlyForDeploymentPostprocessing = 0;
		};
		FFD329CAD12CC39BC50FAD9A /* Sources */ = {
			isa = PBXSourcesBuildPhase;
			buildActionMask = 2147483647;
			files = (
				97948E64FE94B212B0C728DA /* WealthEagentTests.swift in Sources */,
			);
			runOnlyForDeploymentPostprocessing = 0;
		};
/* End PBXSourcesBuildPhase section */

/* Begin PBXTargetDependency section */
		6F29717526097A630D656CC3 /* PBXTargetDependency */ = {
			isa = PBXTargetDependency;
			target = 5CD0D81BF7DCD440288FA40A /* WealthEagent */;
			targetProxy = D6B7E970F8B23B1311C9D390 /* PBXContainerItemProxy */;
		};
/* End PBXTargetDependency section */

/* Begin XCBuildConfiguration section */
		1C8A84CC8ED5AB27B5326DDA /* Debug */ = {
			isa = XCBuildConfiguration;
			buildSettings = {
				BUNDLE_LOADER = "$(TEST_HOST)";
				IPHONEOS_DEPLOYMENT_TARGET = 17.0;
				LD_RUNPATH_SEARCH_PATHS = (
					"$(inherited)",
					"@executable_path/Frameworks",
					"@loader_path/Frameworks",
				);
				PRODUCT_BUNDLE_IDENTIFIER = de.wealtheagent.tests;
				SDKROOT = iphoneos;
				TARGETED_DEVICE_FAMILY = "1,2";
				TEST_HOST = "$(BUILT_PRODUCTS_DIR)/WealthEagent.app/WealthEagent";
			};
			name = Debug;
		};
		45E927C2CD1D4E04A2F91D4D /* Debug */ = {
			isa = XCBuildConfiguration;
			buildSettings = {
				ASSETCATALOG_COMPILER_APPICON_NAME = AppIcon;
				CODE_SIGN_ENTITLEMENTS = WealthEagent/WealthEagent.entitlements;
				CODE_SIGN_IDENTITY = "iPhone Developer";
				CODE_SIGN_STYLE = Automatic;
				DEVELOPMENT_TEAM = "";
				INFOPLIST_FILE = WealthEagent/Info.plist;
				IPHONEOS_DEPLOYMENT_TARGET = 17.0;
				LD_RUNPATH_SEARCH_PATHS = (
					"$(inherited)",
					"@executable_path/Frameworks",
				);
				PRODUCT_BUNDLE_IDENTIFIER = de.wealtheagent.app;
				SDKROOT = iphoneos;
				TARGETED_DEVICE_FAMILY = "1,2";
			};
			name = Debug;
		};
		6D1B4994AE048F3E9D4D1E8D /* Release */ = {
			isa = XCBuildConfiguration;
			buildSettings = {
				ASSETCATALOG_COMPILER_APPICON_NAME = AppIcon;
				CODE_SIGN_ENTITLEMENTS = WealthEagent/WealthEagent.entitlements;
				CODE_SIGN_IDENTITY = "iPhone Developer";
				CODE_SIGN_STYLE = Automatic;
				DEVELOPMENT_TEAM = "";
				INFOPLIST_FILE = WealthEagent/Info.plist;
				IPHONEOS_DEPLOYMENT_TARGET = 17.0;
				LD_RUNPATH_SEARCH_PATHS = (
					"$(inherited)",
					"@executable_path/Frameworks",
				);
				PRODUCT_BUNDLE_IDENTIFIER = de.wealtheagent.app;
				SDKROOT = iphoneos;
				TARGETED_DEVICE_FAMILY = "1,2";
			};
			name = Release;
		};
		7F8BB5D83EEC7E952A23F32C /* Debug */ = {
			isa = XCBuildConfiguration;
			buildSettings = {
				ALWAYS_SEARCH_USER_PATHS = NO;
				CLANG_ANALYZER_NONNULL = YES;
				CLANG_ANALYZER_NUMBER_OBJECT_CONVERSION = YES_AGGRESSIVE;
				CLANG_CXX_LANGUAGE_STANDARD = "gnu++14";
				CLANG_CXX_LIBRARY = "libc++";
				CLANG_ENABLE_MODULES = YES;
				CLANG_ENABLE_OBJC_ARC = YES;
				CLANG_ENABLE_OBJC_WEAK = YES;
				CLANG_WARN_BLOCK_CAPTURE_AUTORELEASING = YES;
				CLANG_WARN_BOOL_CONVERSION = YES;
				CLANG_WARN_COMMA = YES;
				CLANG_WARN_CONSTANT_CONVERSION = YES;
				CLANG_WARN_DEPRECATED_OBJC_IMPLEMENTATIONS = YES;
				CLANG_WARN_DIRECT_OBJC_ISA_USAGE = YES_ERROR;
				CLANG_WARN_DOCUMENTATION_COMMENTS = YES;
				CLANG_WARN_EMPTY_BODY = YES;
				CLANG_WARN_ENUM_CONVERSION = YES;
				CLANG_WARN_INFINITE_RECURSION = YES;
				CLANG_WARN_INT_CONVERSION = YES;
				CLANG_WARN_NON_LITERAL_NULL_CONVERSION = YES;
				CLANG_WARN_OBJC_IMPLICIT_RETAIN_SELF = YES;
				CLANG_WARN_OBJC_LITERAL_CONVERSION = YES;
				CLANG_WARN_OBJC_ROOT_CLASS = YES_ERROR;
				CLANG_WARN_QUOTED_INCLUDE_IN_FRAMEWORK_HEADER = YES;
				CLANG_WARN_RANGE_LOOP_ANALYSIS = YES;
				CLANG_WARN_STRICT_PROTOTYPES = YES;
				CLANG_WARN_SUSPICIOUS_MOVE = YES;
				CLANG_WARN_UNGUARDED_AVAILABILITY = YES_AGGRESSIVE;
				CLANG_WARN_UNREACHABLE_CODE = YES;
				CLANG_WARN__DUPLICATE_METHOD_MATCH = YES;
				COPY_PHASE_STRIP = NO;
				DEBUG_INFORMATION_FORMAT = dwarf;
				ENABLE_PREVIEWS = YES;
				ENABLE_STRICT_OBJC_MSGSEND = YES;
				ENABLE_TESTABILITY = YES;
				GCC_C_LANGUAGE_STANDARD = gnu11;
				GCC_DYNAMIC_NO_PIC = NO;
				GCC_NO_COMMON_BLOCKS = YES;
				GCC_OPTIMIZATION_LEVEL = 0;
				GCC_PREPROCESSOR_DEFINITIONS = (
					"$(inherited)",
					"DEBUG=1",
				);
				GCC_WARN_64_TO_32_BIT_CONVERSION = YES;
				GCC_WARN_ABOUT_RETURN_TYPE = YES_ERROR;
				GCC_WARN_UNDECLARED_SELECTOR = YES;
				GCC_WARN_UNINITIALIZED_AUTOS = YES_AGGRESSIVE;
				GCC_WARN_UNUSED_FUNCTION = YES;
				GCC_WARN_UNUSED_VARIABLE = YES;
				IPHONEOS_DEPLOYMENT_TARGET = 17.0;
				MTL_ENABLE_DEBUG_INFO = INCLUDE_SOURCE;
				MTL_FAST_MATH = YES;
				ONLY_ACTIVE_ARCH = YES;
				PRODUCT_NAME = "$(TARGET_NAME)";
				SDKROOT = iphoneos;
				SWIFT_ACTIVE_COMPILATION_CONDITIONS = DEBUG;
				SWIFT_OPTIMIZATION_LEVEL = "-Onone";
				SWIFT_STRICT_CONCURRENCY = complete;
				SWIFT_VERSION = 6.0;
			};
			name = Debug;
		};
		DCCE7C49729960D0440A4A7D /* Release */ = {
			isa = XCBuildConfiguration;
			buildSettings = {
				ALWAYS_SEARCH_USER_PATHS = NO;
				CLANG_ANALYZER_NONNULL = YES;
				CLANG_ANALYZER_NUMBER_OBJECT_CONVERSION = YES_AGGRESSIVE;
				CLANG_CXX_LANGUAGE_STANDARD = "gnu++14";
				CLANG_CXX_LIBRARY = "libc++";
				CLANG_ENABLE_MODULES = YES;
				CLANG_ENABLE_OBJC_ARC = YES;
				CLANG_ENABLE_OBJC_WEAK = YES;
				CLANG_WARN_BLOCK_CAPTURE_AUTORELEASING = YES;
				CLANG_WARN_BOOL_CONVERSION = YES;
				CLANG_WARN_COMMA = YES;
				CLANG_WARN_CONSTANT_CONVERSION = YES;
				CLANG_WARN_DEPRECATED_OBJC_IMPLEMENTATIONS = YES;
				CLANG_WARN_DIRECT_OBJC_ISA_USAGE = YES_ERROR;
				CLANG_WARN_DOCUMENTATION_COMMENTS = YES;
				CLANG_WARN_EMPTY_BODY = YES;
				CLANG_WARN_ENUM_CONVERSION = YES;
				CLANG_WARN_INFINITE_RECURSION = YES;
				CLANG_WARN_INT_CONVERSION = YES;
				CLANG_WARN_NON_LITERAL_NULL_CONVERSION = YES;
				CLANG_WARN_OBJC_IMPLICIT_RETAIN_SELF = YES;
				CLANG_WARN_OBJC_LITERAL_CONVERSION = YES;
				CLANG_WARN_OBJC_ROOT_CLASS = YES_ERROR;
				CLANG_WARN_QUOTED_INCLUDE_IN_FRAMEWORK_HEADER = YES;
				CLANG_WARN_RANGE_LOOP_ANALYSIS = YES;
				CLANG_WARN_STRICT_PROTOTYPES = YES;
				CLANG_WARN_SUSPICIOUS_MOVE = YES;
				CLANG_WARN_UNGUARDED_AVAILABILITY = YES_AGGRESSIVE;
				CLANG_WARN_UNREACHABLE_CODE = YES;
				CLANG_WARN__DUPLICATE_METHOD_MATCH = YES;
				COPY_PHASE_STRIP = NO;
				DEBUG_INFORMATION_FORMAT = "dwarf-with-dsym";
				ENABLE_NS_ASSERTIONS = NO;
				ENABLE_PREVIEWS = YES;
				ENABLE_STRICT_OBJC_MSGSEND = YES;
				GCC_C_LANGUAGE_STANDARD = gnu11;
				GCC_NO_COMMON_BLOCKS = YES;
				GCC_WARN_64_TO_32_BIT_CONVERSION = YES;
				GCC_WARN_ABOUT_RETURN_TYPE = YES_ERROR;
				GCC_WARN_UNDECLARED_SELECTOR = YES;
				GCC_WARN_UNINITIALIZED_AUTOS = YES_AGGRESSIVE;
				GCC_WARN_UNUSED_FUNCTION = YES;
				GCC_WARN_UNUSED_VARIABLE = YES;
				IPHONEOS_DEPLOYMENT_TARGET = 17.0;
				MTL_ENABLE_DEBUG_INFO = NO;
				MTL_FAST_MATH = YES;
				PRODUCT_NAME = "$(TARGET_NAME)";
				SDKROOT = iphoneos;
				SWIFT_COMPILATION_MODE = wholemodule;
				SWIFT_OPTIMIZATION_LEVEL = "-O";
				SWIFT_STRICT_CONCURRENCY = complete;
				SWIFT_VERSION = 6.0;
			};
			name = Release;
		};
		E9D99E135B7B395213E95FF8 /* Release */ = {
			isa = XCBuildConfiguration;
			buildSettings = {
				BUNDLE_LOADER = "$(TEST_HOST)";
				IPHONEOS_DEPLOYMENT_TARGET = 17.0;
				LD_RUNPATH_SEARCH_PATHS = (
					"$(inherited)",
					"@executable_path/Frameworks",
					"@loader_path/Frameworks",
				);
				PRODUCT_BUNDLE_IDENTIFIER = de.wealtheagent.tests;
				SDKROOT = iphoneos;
				TARGETED_DEVICE_FAMILY = "1,2";
				TEST_HOST = "$(BUILT_PRODUCTS_DIR)/WealthEagent.app/WealthEagent";
			};
			name = Release;
		};
/* End XCBuildConfiguration section */

/* Begin XCConfigurationList section */
		2BF666D26F3C15D624148CEA /* Build configuration list for PBXNativeTarget "WealthEagentTests" */ = {
			isa = XCConfigurationList;
			buildConfigurations = (
				1C8A84CC8ED5AB27B5326DDA /* Debug */,
				E9D99E135B7B395213E95FF8 /* Release */,
			);
			defaultConfigurationIsVisible = 0;
			defaultConfigurationName = Debug;
		};
		7656EF9AC10070EE158A4F26 /* Build configuration list for PBXProject "WealthEagent" */ = {
			isa = XCConfigurationList;
			buildConfigurations = (
				7F8BB5D83EEC7E952A23F32C /* Debug */,
				DCCE7C49729960D0440A4A7D /* Release */,
			);
			defaultConfigurationIsVisible = 0;
			defaultConfigurationName = Debug;
		};
		90738FFC1C723BB92874EB77 /* Build configuration list for PBXNativeTarget "WealthEagent" */ = {
			isa = XCConfigurationList;
			buildConfigurations = (
				45E927C2CD1D4E04A2F91D4D /* Debug */,
				6D1B4994AE048F3E9D4D1E8D /* Release */,
			);
			defaultConfigurationIsVisible = 0;
			defaultConfigurationName = Debug;
		};
/* End XCConfigurationList section */
	};
	rootObject = C6606DF3C69258DF006BD0CB /* Project object */;
}
